# THIS IS AN AUTOGENERATED FILE. DO NOT EDIT THIS FILE DIRECTLY.
# yarn lockfile v1


babel-runtime@^6.11.6:
  version "6.26.0"
  resolved "https://registry.yarnpkg.com/babel-runtime/-/babel-runtime-6.26.0.tgz#965c7058668e82b55d7bfe04ff2337bc8b5647fe"
  integrity sha1-llxwWGaOgrVde/4E/yM3vItWR/4=
  dependencies:
    core-js "^2.4.0"
    regenerator-runtime "^0.11.0"

chance@^1.0.4:
  version "1.1.7"
  resolved "https://registry.yarnpkg.com/chance/-/chance-1.1.7.tgz#e99dde5ac16681af787b5ba94c8277c090d6cfe8"
  integrity sha512-bua/2cZEfzS6qPm0vi3JEvGNbriDLcMj9lKxCQOjUcCJRcyjA7umP0zZm6bKWWlBN04vA0L99QGH/CZQawr0eg==

core-js@^2.4.0:
  version "2.6.11"
  resolved "https://registry.yarnpkg.com/core-js/-/core-js-2.6.11.tgz#38831469f9922bded8ee21c9dc46985e0399308c"
  integrity sha512-5wjnpaT/3dV+XB4borEsnAYQchn00XSgTAWKDkEqv+K8KevjbzmofK6hfJ9TZIlpj2N0xQpazy7PiRQiWHqzWg==

factory-girl@^5.0.4:
  version "5.0.4"
  resolved "https://registry.yarnpkg.com/factory-girl/-/factory-girl-5.0.4.tgz#378caabe03aac7b327d47d9e28b4f02ced0c3c0b"
  integrity sha512-ugGBetzpevbAlKEyMRasBlmCQ76EkvZFMLIsA6K17Pwp/8+7ffBmmxkkw1LoXrOyB6iIgEcmbVF4TcIAnKXyDA==
  dependencies:
    babel-runtime "^6.11.6"
    chance "^1.0.4"

faker@^5.1.0:
  version "5.1.0"
  resolved "https://registry.yarnpkg.com/faker/-/faker-5.1.0.tgz#e10fa1dec4502551aee0eb771617a7e7b94692e8"
  integrity sha512-RrWKFSSA/aNLP0g3o2WW1Zez7/MnMr7xkiZmoCfAGZmdkDQZ6l2KtuXHN5XjdvpRjDl8+3vf+Rrtl06Z352+Mw==

regenerator-runtime@^0.11.0:
  version "0.11.1"
  resolved "https://registry.yarnpkg.com/regenerator-runtime/-/regenerator-runtime-0.11.1.tgz#be05ad7f9bf7d22e056f9726cee5017fbf19e2e9"
  integrity sha512-MguG95oij0fC3QV3URf4V2SDYGJhJnJGqvIIgdECeODCT98wSWDAJ94SSuVpYQUoTcGUIL6L4yNB7j1DFFHSBg==
